// !$*UTF8*$!
{
	archiveVersion = 1;
	classes = {
	};
	objectVersion = 55;
	objects = {

/* Begin PBXBuildFile section */
		EB1402AB28C774880028D884 /* ClefView.swift in Sources */ = {isa = PBXBuildFile; fileRef = EB1402AA28C774880028D884 /* ClefView.swift */; };
		EB1474742A356EC40048CD21 /* Accidental.swift in Sources */ = {isa = PBXBuildFile; fileRef = EB1474612A356EC30048CD21 /* Accidental.swift */; };
		EB1474752A356EC40048CD21 /* PitchColor.swift in Sources */ = {isa = PBXBuildFile; fileRef = EB1474622A356EC30048CD21 /* PitchColor.swift */; };
		EB1474762A356EC40048CD21 /* ChordType.swift in Sources */ = {isa = PBXBuildFile; fileRef = EB1474632A356EC30048CD21 /* ChordType.swift */; };
		EB1474772A356EC40048CD21 /* NoteClass+Shortcuts.swift in Sources */ = {isa = PBXBuildFile; fileRef = EB1474642A356EC30048CD21 /* NoteClass+Shortcuts.swift */; };
		EB1474782A356EC40048CD21 /* Note+Shortcuts.swift in Sources */ = {isa = PBXBuildFile; fileRef = EB1474652A356EC40048CD21 /* Note+Shortcuts.swift */; };
		EB1474792A356EC40048CD21 /* Letter.swift in Sources */ = {isa = PBXBuildFile; fileRef = EB1474662A356EC40048CD21 /* Letter.swift */; };
		EB14747A2A356EC40048CD21 /* Note.swift in Sources */ = {isa = PBXBuildFile; fileRef = EB1474672A356EC40048CD21 /* Note.swift */; };
		EB14747B2A356EC40048CD21 /* Scale+Shortcuts.swift in Sources */ = {isa = PBXBuildFile; fileRef = EB1474682A356EC40048CD21 /* Scale+Shortcuts.swift */; };
		EB14747C2A356EC40048CD21 /* NoteSet.swift in Sources */ = {isa = PBXBuildFile; fileRef = EB1474692A356EC40048CD21 /* NoteSet.swift */; };
		EB14747D2A356EC40048CD21 /* BitSet.swift in Sources */ = {isa = PBXBuildFile; fileRef = EB14746A2A356EC40048CD21 /* BitSet.swift */; };
		EB14747E2A356EC40048CD21 /* Scale.swift in Sources */ = {isa = PBXBuildFile; fileRef = EB14746B2A356EC40048CD21 /* Scale.swift */; };
		EB14747F2A356EC40048CD21 /* Chord+Shortcuts.swift in Sources */ = {isa = PBXBuildFile; fileRef = EB14746C2A356EC40048CD21 /* Chord+Shortcuts.swift */; };
		EB1474802A356EC40048CD21 /* Chord.swift in Sources */ = {isa = PBXBuildFile; fileRef = EB14746D2A356EC40048CD21 /* Chord.swift */; };
		EB1474812A356EC40048CD21 /* ChordTable.swift in Sources */ = {isa = PBXBuildFile; fileRef = EB14746E2A356EC40048CD21 /* ChordTable.swift */; };
		EB1474822A356EC40048CD21 /* Key+Shortcuts.swift in Sources */ = {isa = PBXBuildFile; fileRef = EB14746F2A356EC40048CD21 /* Key+Shortcuts.swift */; };
		EB1474832A356EC40048CD21 /* NoteClass.swift in Sources */ = {isa = PBXBuildFile; fileRef = EB1474702A356EC40048CD21 /* NoteClass.swift */; };
		EB1474842A356EC40048CD21 /* Pitch.swift in Sources */ = {isa = PBXBuildFile; fileRef = EB1474712A356EC40048CD21 /* Pitch.swift */; };
		EB1474852A356EC40048CD21 /* Interval.swift in Sources */ = {isa = PBXBuildFile; fileRef = EB1474722A356EC40048CD21 /* Interval.swift */; };
		EB1474862A356EC40048CD21 /* Key.swift in Sources */ = {isa = PBXBuildFile; fileRef = EB1474732A356EC40048CD21 /* Key.swift */; };
		EB1474882A3588C30048CD21 /* Sounds in Resources */ = {isa = PBXBuildFile; fileRef = EB1474872A3588C30048CD21 /* Sounds */; };
		EB14748A2A3590A10048CD21 /* NoteSampler.swift in Sources */ = {isa = PBXBuildFile; fileRef = EB1474892A3590A10048CD21 /* NoteSampler.swift */; };
		EB382A1628CE669100AEF9F7 /* FingeringChartView.swift in Sources */ = {isa = PBXBuildFile; fileRef = EB382A1528CE669100AEF9F7 /* FingeringChartView.swift */; };
		EB4D9F4828BD5B5900C7DDCC /* FrenchHornAppApp.swift in Sources */ = {isa = PBXBuildFile; fileRef = EB4D9F4728BD5B5900C7DDCC /* FrenchHornAppApp.swift */; };
		EB4D9F4A28BD5B5900C7DDCC /* ContentView.swift in Sources */ = {isa = PBXBuildFile; fileRef = EB4D9F4928BD5B5900C7DDCC /* ContentView.swift */; };
		EB4D9F4C28BD5B5B00C7DDCC /* Assets.xcassets in Resources */ = {isa = PBXBuildFile; fileRef = EB4D9F4B28BD5B5B00C7DDCC /* Assets.xcassets */; };
		EB4D9F4F28BD5B5B00C7DDCC /* Preview Assets.xcassets in Resources */ = {isa = PBXBuildFile; fileRef = EB4D9F4E28BD5B5B00C7DDCC /* Preview Assets.xcassets */; };
		EB4D9F5728BEC67500C7DDCC /* Fingerings.swift in Sources */ = {isa = PBXBuildFile; fileRef = EB4D9F5628BEC67500C7DDCC /* Fingerings.swift */; };
		EB4D9F5928BECB5A00C7DDCC /* Clef.swift in Sources */ = {isa = PBXBuildFile; fileRef = EB4D9F5828BECB5A00C7DDCC /* Clef.swift */; };
		EB4D9F5B28BECB6C00C7DDCC /* NoteFingeringMapping.swift in Sources */ = {isa = PBXBuildFile; fileRef = EB4D9F5A28BECB6C00C7DDCC /* NoteFingeringMapping.swift */; };
		EB4D9F5D28BED38C00C7DDCC /* StaffConstants.swift in Sources */ = {isa = PBXBuildFile; fileRef = EB4D9F5C28BED38C00C7DDCC /* StaffConstants.swift */; };
		EB4D9F5F28BED47500C7DDCC /* NotesCollection.swift in Sources */ = {isa = PBXBuildFile; fileRef = EB4D9F5E28BED47500C7DDCC /* NotesCollection.swift */; };
		EB4D9F6128BED4AD00C7DDCC /* NoteNameMappings.swift in Sources */ = {isa = PBXBuildFile; fileRef = EB4D9F6028BED4AD00C7DDCC /* NoteNameMappings.swift */; };
		EB4D9F6328BEDEC100C7DDCC /* NoteVisualizationCollection.swift in Sources */ = {isa = PBXBuildFile; fileRef = EB4D9F6228BEDEC100C7DDCC /* NoteVisualizationCollection.swift */; };
		EB4D9F6528BEE76400C7DDCC /* TrebleClefVisualizationMappings.swift in Sources */ = {isa = PBXBuildFile; fileRef = EB4D9F6428BEE76400C7DDCC /* TrebleClefVisualizationMappings.swift */; };
		EB4D9F6728BEE85600C7DDCC /* TranspositionConstants.swift in Sources */ = {isa = PBXBuildFile; fileRef = EB4D9F6628BEE85600C7DDCC /* TranspositionConstants.swift */; };
		EB4D9F6B28BEF0B700C7DDCC /* FingeringsCollection.swift in Sources */ = {isa = PBXBuildFile; fileRef = EB4D9F6A28BEF0B700C7DDCC /* FingeringsCollection.swift */; };
		EB4D9F6E28BEF17200C7DDCC /* NoteVisualization.swift in Sources */ = {isa = PBXBuildFile; fileRef = EB4D9F6D28BEF17200C7DDCC /* NoteVisualization.swift */; };
		EB4D9F7128C14A7700C7DDCC /* AudioKit in Frameworks */ = {isa = PBXBuildFile; productRef = EB4D9F7028C14A7700C7DDCC /* AudioKit */; };
		EB4D9F7428C14A9500C7DDCC /* AudioKitEX in Frameworks */ = {isa = PBXBuildFile; productRef = EB4D9F7328C14A9500C7DDCC /* AudioKitEX */; };
		EB4D9F7728C14AB200C7DDCC /* AudioKitUI in Frameworks */ = {isa = PBXBuildFile; productRef = EB4D9F7628C14AB200C7DDCC /* AudioKitUI */; };
		EB4D9F7A28C14AE500C7DDCC /* KissFFT in Frameworks */ = {isa = PBXBuildFile; productRef = EB4D9F7928C14AE500C7DDCC /* KissFFT */; };
		EB4D9F7D28C14B4300C7DDCC /* SoundpipeAudioKit in Frameworks */ = {isa = PBXBuildFile; productRef = EB4D9F7C28C14B4300C7DDCC /* SoundpipeAudioKit */; };
		EB59ED7E28D1326100FC21EA /* IndividualFingeringView.swift in Sources */ = {isa = PBXBuildFile; fileRef = EB59ED7D28D1326100FC21EA /* IndividualFingeringView.swift */; };
		EB59ED8028D136F600FC21EA /* AssembledNoteView.swift in Sources */ = {isa = PBXBuildFile; fileRef = EB59ED7F28D136F600FC21EA /* AssembledNoteView.swift */; };
		EB59ED8228D1370E00FC21EA /* LedgerLineView.swift in Sources */ = {isa = PBXBuildFile; fileRef = EB59ED8128D1370E00FC21EA /* LedgerLineView.swift */; };
		EB59ED8428D1373000FC21EA /* WholeNoteView.swift in Sources */ = {isa = PBXBuildFile; fileRef = EB59ED8328D1373000FC21EA /* WholeNoteView.swift */; };
		EB59ED8628D1376500FC21EA /* StaffLinesView.swift in Sources */ = {isa = PBXBuildFile; fileRef = EB59ED8528D1376500FC21EA /* StaffLinesView.swift */; };
		EB59ED8828D1378000FC21EA /* NoteNameView.swift in Sources */ = {isa = PBXBuildFile; fileRef = EB59ED8728D1378000FC21EA /* NoteNameView.swift */; };
		EB59ED8A28D1379700FC21EA /* AssembledStaffView.swift in Sources */ = {isa = PBXBuildFile; fileRef = EB59ED8928D1379700FC21EA /* AssembledStaffView.swift */; };
		EB59ED8C28D137B200FC21EA /* Extensions.swift in Sources */ = {isa = PBXBuildFile; fileRef = EB59ED8B28D137B200FC21EA /* Extensions.swift */; };
/* End PBXBuildFile section */

/* Begin PBXFileReference section */
		EB1402AA28C774880028D884 /* ClefView.swift */ = {isa = PBXFileReference; lastKnownFileType = sourcecode.swift; path = ClefView.swift; sourceTree = "<group>"; };
		EB1474612A356EC30048CD21 /* Accidental.swift */ = {isa = PBXFileReference; fileEncoding = 4; lastKnownFileType = sourcecode.swift; path = Accidental.swift; sourceTree = "<group>"; };
		EB1474622A356EC30048CD21 /* PitchColor.swift */ = {isa = PBXFileReference; fileEncoding = 4; lastKnownFileType = sourcecode.swift; path = PitchColor.swift; sourceTree = "<group>"; };
		EB1474632A356EC30048CD21 /* ChordType.swift */ = {isa = PBXFileReference; fileEncoding = 4; lastKnownFileType = sourcecode.swift; path = ChordType.swift; sourceTree = "<group>"; };
		EB1474642A356EC30048CD21 /* NoteClass+Shortcuts.swift */ = {isa = PBXFileReference; fileEncoding = 4; lastKnownFileType = sourcecode.swift; path = "NoteClass+Shortcuts.swift"; sourceTree = "<group>"; };
		EB1474652A356EC40048CD21 /* Note+Shortcuts.swift */ = {isa = PBXFileReference; fileEncoding = 4; lastKnownFileType = sourcecode.swift; path = "Note+Shortcuts.swift"; sourceTree = "<group>"; };
		EB1474662A356EC40048CD21 /* Letter.swift */ = {isa = PBXFileReference; fileEncoding = 4; lastKnownFileType = sourcecode.swift; path = Letter.swift; sourceTree = "<group>"; };
		EB1474672A356EC40048CD21 /* Note.swift */ = {isa = PBXFileReference; fileEncoding = 4; lastKnownFileType = sourcecode.swift; path = Note.swift; sourceTree = "<group>"; };
		EB1474682A356EC40048CD21 /* Scale+Shortcuts.swift */ = {isa = PBXFileReference; fileEncoding = 4; lastKnownFileType = sourcecode.swift; path = "Scale+Shortcuts.swift"; sourceTree = "<group>"; };
		EB1474692A356EC40048CD21 /* NoteSet.swift */ = {isa = PBXFileReference; fileEncoding = 4; lastKnownFileType = sourcecode.swift; path = NoteSet.swift; sourceTree = "<group>"; };
		EB14746A2A356EC40048CD21 /* BitSet.swift */ = {isa = PBXFileReference; fileEncoding = 4; lastKnownFileType = sourcecode.swift; path = BitSet.swift; sourceTree = "<group>"; };
		EB14746B2A356EC40048CD21 /* Scale.swift */ = {isa = PBXFileReference; fileEncoding = 4; lastKnownFileType = sourcecode.swift; path = Scale.swift; sourceTree = "<group>"; };
		EB14746C2A356EC40048CD21 /* Chord+Shortcuts.swift */ = {isa = PBXFileReference; fileEncoding = 4; lastKnownFileType = sourcecode.swift; path = "Chord+Shortcuts.swift"; sourceTree = "<group>"; };
		EB14746D2A356EC40048CD21 /* Chord.swift */ = {isa = PBXFileReference; fileEncoding = 4; lastKnownFileType = sourcecode.swift; path = Chord.swift; sourceTree = "<group>"; };
		EB14746E2A356EC40048CD21 /* ChordTable.swift */ = {isa = PBXFileReference; fileEncoding = 4; lastKnownFileType = sourcecode.swift; path = ChordTable.swift; sourceTree = "<group>"; };
		EB14746F2A356EC40048CD21 /* Key+Shortcuts.swift */ = {isa = PBXFileReference; fileEncoding = 4; lastKnownFileType = sourcecode.swift; path = "Key+Shortcuts.swift"; sourceTree = "<group>"; };
		EB1474702A356EC40048CD21 /* NoteClass.swift */ = {isa = PBXFileReference; fileEncoding = 4; lastKnownFileType = sourcecode.swift; path = NoteClass.swift; sourceTree = "<group>"; };
		EB1474712A356EC40048CD21 /* Pitch.swift */ = {isa = PBXFileReference; fileEncoding = 4; lastKnownFileType = sourcecode.swift; path = Pitch.swift; sourceTree = "<group>"; };
		EB1474722A356EC40048CD21 /* Interval.swift */ = {isa = PBXFileReference; fileEncoding = 4; lastKnownFileType = sourcecode.swift; path = Interval.swift; sourceTree = "<group>"; };
		EB1474732A356EC40048CD21 /* Key.swift */ = {isa = PBXFileReference; fileEncoding = 4; lastKnownFileType = sourcecode.swift; path = Key.swift; sourceTree = "<group>"; };
		EB1474872A3588C30048CD21 /* Sounds */ = {isa = PBXFileReference; lastKnownFileType = folder; path = Sounds; sourceTree = "<group>"; };
		EB1474892A3590A10048CD21 /* NoteSampler.swift */ = {isa = PBXFileReference; lastKnownFileType = sourcecode.swift; path = NoteSampler.swift; sourceTree = "<group>"; };
		EB382A1528CE669100AEF9F7 /* FingeringChartView.swift */ = {isa = PBXFileReference; lastKnownFileType = sourcecode.swift; path = FingeringChartView.swift; sourceTree = "<group>"; };
		EB4D9F4428BD5B5900C7DDCC /* FrenchHornApp.app */ = {isa = PBXFileReference; explicitFileType = wrapper.application; includeInIndex = 0; path = FrenchHornApp.app; sourceTree = BUILT_PRODUCTS_DIR; };
		EB4D9F4728BD5B5900C7DDCC /* FrenchHornAppApp.swift */ = {isa = PBXFileReference; lastKnownFileType = sourcecode.swift; path = FrenchHornAppApp.swift; sourceTree = "<group>"; };
		EB4D9F4928BD5B5900C7DDCC /* ContentView.swift */ = {isa = PBXFileReference; lastKnownFileType = sourcecode.swift; path = ContentView.swift; sourceTree = "<group>"; };
		EB4D9F4B28BD5B5B00C7DDCC /* Assets.xcassets */ = {isa = PBXFileReference; lastKnownFileType = folder.assetcatalog; path = Assets.xcassets; sourceTree = "<group>"; };
		EB4D9F4E28BD5B5B00C7DDCC /* Preview Assets.xcassets */ = {isa = PBXFileReference; lastKnownFileType = folder.assetcatalog; path = "Preview Assets.xcassets"; sourceTree = "<group>"; };
		EB4D9F5628BEC67500C7DDCC /* Fingerings.swift */ = {isa = PBXFileReference; lastKnownFileType = sourcecode.swift; path = Fingerings.swift; sourceTree = "<group>"; };
		EB4D9F5828BECB5A00C7DDCC /* Clef.swift */ = {isa = PBXFileReference; lastKnownFileType = sourcecode.swift; path = Clef.swift; sourceTree = "<group>"; };
		EB4D9F5A28BECB6C00C7DDCC /* NoteFingeringMapping.swift */ = {isa = PBXFileReference; lastKnownFileType = sourcecode.swift; path = NoteFingeringMapping.swift; sourceTree = "<group>"; };
		EB4D9F5C28BED38C00C7DDCC /* StaffConstants.swift */ = {isa = PBXFileReference; lastKnownFileType = sourcecode.swift; path = StaffConstants.swift; sourceTree = "<group>"; };
		EB4D9F5E28BED47500C7DDCC /* NotesCollection.swift */ = {isa = PBXFileReference; lastKnownFileType = sourcecode.swift; path = NotesCollection.swift; sourceTree = "<group>"; };
		EB4D9F6028BED4AD00C7DDCC /* NoteNameMappings.swift */ = {isa = PBXFileReference; lastKnownFileType = sourcecode.swift; path = NoteNameMappings.swift; sourceTree = "<group>"; };
		EB4D9F6228BEDEC100C7DDCC /* NoteVisualizationCollection.swift */ = {isa = PBXFileReference; lastKnownFileType = sourcecode.swift; path = NoteVisualizationCollection.swift; sourceTree = "<group>"; };
		EB4D9F6428BEE76400C7DDCC /* TrebleClefVisualizationMappings.swift */ = {isa = PBXFileReference; lastKnownFileType = sourcecode.swift; path = TrebleClefVisualizationMappings.swift; sourceTree = "<group>"; };
		EB4D9F6628BEE85600C7DDCC /* TranspositionConstants.swift */ = {isa = PBXFileReference; lastKnownFileType = sourcecode.swift; path = TranspositionConstants.swift; sourceTree = "<group>"; };
		EB4D9F6A28BEF0B700C7DDCC /* FingeringsCollection.swift */ = {isa = PBXFileReference; lastKnownFileType = sourcecode.swift; path = FingeringsCollection.swift; sourceTree = "<group>"; };
		EB4D9F6D28BEF17200C7DDCC /* NoteVisualization.swift */ = {isa = PBXFileReference; lastKnownFileType = sourcecode.swift; path = NoteVisualization.swift; sourceTree = "<group>"; };
		EB59ED7D28D1326100FC21EA /* IndividualFingeringView.swift */ = {isa = PBXFileReference; lastKnownFileType = sourcecode.swift; path = IndividualFingeringView.swift; sourceTree = "<group>"; };
		EB59ED7F28D136F600FC21EA /* AssembledNoteView.swift */ = {isa = PBXFileReference; lastKnownFileType = sourcecode.swift; path = AssembledNoteView.swift; sourceTree = "<group>"; };
		EB59ED8128D1370E00FC21EA /* LedgerLineView.swift */ = {isa = PBXFileReference; lastKnownFileType = sourcecode.swift; path = LedgerLineView.swift; sourceTree = "<group>"; };
		EB59ED8328D1373000FC21EA /* WholeNoteView.swift */ = {isa = PBXFileReference; lastKnownFileType = sourcecode.swift; path = WholeNoteView.swift; sourceTree = "<group>"; };
		EB59ED8528D1376500FC21EA /* StaffLinesView.swift */ = {isa = PBXFileReference; lastKnownFileType = sourcecode.swift; path = StaffLinesView.swift; sourceTree = "<group>"; };
		EB59ED8728D1378000FC21EA /* NoteNameView.swift */ = {isa = PBXFileReference; lastKnownFileType = sourcecode.swift; path = NoteNameView.swift; sourceTree = "<group>"; };
		EB59ED8928D1379700FC21EA /* AssembledStaffView.swift */ = {isa = PBXFileReference; lastKnownFileType = sourcecode.swift; path = AssembledStaffView.swift; sourceTree = "<group>"; };
		EB59ED8B28D137B200FC21EA /* Extensions.swift */ = {isa = PBXFileReference; lastKnownFileType = sourcecode.swift; path = Extensions.swift; sourceTree = "<group>"; };
/* End PBXFileReference section */

/* Begin PBXFrameworksBuildPhase section */
		EB4D9F4128BD5B5900C7DDCC /* Frameworks */ = {
			isa = PBXFrameworksBuildPhase;
			buildActionMask = 2147483647;
			files = (
				EB4D9F7128C14A7700C7DDCC /* AudioKit in Frameworks */,
				EB4D9F7D28C14B4300C7DDCC /* SoundpipeAudioKit in Frameworks */,
				EB4D9F7A28C14AE500C7DDCC /* KissFFT in Frameworks */,
				EB4D9F7728C14AB200C7DDCC /* AudioKitUI in Frameworks */,
				EB4D9F7428C14A9500C7DDCC /* AudioKitEX in Frameworks */,
			);
			runOnlyForDeploymentPostprocessing = 0;
		};
/* End PBXFrameworksBuildPhase section */

/* Begin PBXGroup section */
		EB1474602A356EA40048CD21 /* MusicTheory */ = {
			isa = PBXGroup;
			children = (
				EB1474612A356EC30048CD21 /* Accidental.swift */,
				EB14746A2A356EC40048CD21 /* BitSet.swift */,
				EB14746D2A356EC40048CD21 /* Chord.swift */,
				EB14746C2A356EC40048CD21 /* Chord+Shortcuts.swift */,
				EB14746E2A356EC40048CD21 /* ChordTable.swift */,
				EB1474632A356EC30048CD21 /* ChordType.swift */,
				EB1474722A356EC40048CD21 /* Interval.swift */,
				EB1474732A356EC40048CD21 /* Key.swift */,
				EB14746F2A356EC40048CD21 /* Key+Shortcuts.swift */,
				EB1474662A356EC40048CD21 /* Letter.swift */,
				EB1474672A356EC40048CD21 /* Note.swift */,
				EB1474652A356EC40048CD21 /* Note+Shortcuts.swift */,
				EB1474702A356EC40048CD21 /* NoteClass.swift */,
				EB1474642A356EC30048CD21 /* NoteClass+Shortcuts.swift */,
				EB1474692A356EC40048CD21 /* NoteSet.swift */,
				EB1474712A356EC40048CD21 /* Pitch.swift */,
				EB1474622A356EC30048CD21 /* PitchColor.swift */,
				EB14746B2A356EC40048CD21 /* Scale.swift */,
				EB1474682A356EC40048CD21 /* Scale+Shortcuts.swift */,
				EB4D9F5828BECB5A00C7DDCC /* Clef.swift */,
			);
			path = MusicTheory;
			sourceTree = "<group>";
		};
		EB33204228C76C2C00364C66 /* Views */ = {
			isa = PBXGroup;
			children = (
				EB1402AA28C774880028D884 /* ClefView.swift */,
				EB382A1528CE669100AEF9F7 /* FingeringChartView.swift */,
				EB59ED7D28D1326100FC21EA /* IndividualFingeringView.swift */,
				EB59ED8528D1376500FC21EA /* StaffLinesView.swift */,
				EB59ED7F28D136F600FC21EA /* AssembledNoteView.swift */,
				EB59ED8728D1378000FC21EA /* NoteNameView.swift */,
				EB59ED8328D1373000FC21EA /* WholeNoteView.swift */,
				EB59ED8128D1370E00FC21EA /* LedgerLineView.swift */,
				EB59ED8928D1379700FC21EA /* AssembledStaffView.swift */,
				EB1474892A3590A10048CD21 /* NoteSampler.swift */,
			);
			path = Views;
			sourceTree = "<group>";
		};
		EB4D9F3B28BD5B5900C7DDCC = {
			isa = PBXGroup;
			children = (
				EB4D9F4628BD5B5900C7DDCC /* FrenchHornApp */,
				EB4D9F4528BD5B5900C7DDCC /* Products */,
			);
			sourceTree = "<group>";
		};
		EB4D9F4528BD5B5900C7DDCC /* Products */ = {
			isa = PBXGroup;
			children = (
				EB4D9F4428BD5B5900C7DDCC /* FrenchHornApp.app */,
			);
			name = Products;
			sourceTree = "<group>";
		};
		EB4D9F4628BD5B5900C7DDCC /* FrenchHornApp */ = {
			isa = PBXGroup;
			children = (
				EB1474872A3588C30048CD21 /* Sounds */,
				EB33204228C76C2C00364C66 /* Views */,
				EB4D9F5528BEC66000C7DDCC /* Model */,
				EB4D9F4728BD5B5900C7DDCC /* FrenchHornAppApp.swift */,
				EB4D9F4928BD5B5900C7DDCC /* ContentView.swift */,
				EB4D9F4B28BD5B5B00C7DDCC /* Assets.xcassets */,
				EB4D9F4D28BD5B5B00C7DDCC /* Preview Content */,
				EB59ED8B28D137B200FC21EA /* Extensions.swift */,
			);
			path = FrenchHornApp;
			sourceTree = "<group>";
		};
		EB4D9F4D28BD5B5B00C7DDCC /* Preview Content */ = {
			isa = PBXGroup;
			children = (
				EB4D9F4E28BD5B5B00C7DDCC /* Preview Assets.xcassets */,
			);
			path = "Preview Content";
			sourceTree = "<group>";
		};
		EB4D9F5528BEC66000C7DDCC /* Model */ = {
			isa = PBXGroup;
			children = (
				EB1474602A356EA40048CD21 /* MusicTheory */,
				EB4D9F6C28BEF0CF00C7DDCC /* Base Objects and Structs */,
				EB4D9F6928BEEB1A00C7DDCC /* Collections */,
				EB4D9F6828BEE97D00C7DDCC /* Mappings */,
				EB4D9F5C28BED38C00C7DDCC /* StaffConstants.swift */,
				EB4D9F6628BEE85600C7DDCC /* TranspositionConstants.swift */,
			);
			path = Model;
			sourceTree = "<group>";
		};
		EB4D9F6828BEE97D00C7DDCC /* Mappings */ = {
			isa = PBXGroup;
			children = (
				EB4D9F5A28BECB6C00C7DDCC /* NoteFingeringMapping.swift */,
				EB4D9F6428BEE76400C7DDCC /* TrebleClefVisualizationMappings.swift */,
				EB4D9F6028BED4AD00C7DDCC /* NoteNameMappings.swift */,
			);
			path = Mappings;
			sourceTree = "<group>";
		};
		EB4D9F6928BEEB1A00C7DDCC /* Collections */ = {
			isa = PBXGroup;
			children = (
				EB4D9F6228BEDEC100C7DDCC /* NoteVisualizationCollection.swift */,
				EB4D9F5E28BED47500C7DDCC /* NotesCollection.swift */,
				EB4D9F6A28BEF0B700C7DDCC /* FingeringsCollection.swift */,
			);
			path = Collections;
			sourceTree = "<group>";
		};
		EB4D9F6C28BEF0CF00C7DDCC /* Base Objects and Structs */ = {
			isa = PBXGroup;
			children = (
				EB4D9F5628BEC67500C7DDCC /* Fingerings.swift */,
				EB4D9F6D28BEF17200C7DDCC /* NoteVisualization.swift */,
			);
			path = "Base Objects and Structs";
			sourceTree = "<group>";
		};
/* End PBXGroup section */

/* Begin PBXNativeTarget section */
		EB4D9F4328BD5B5900C7DDCC /* FrenchHornApp */ = {
			isa = PBXNativeTarget;
			buildConfigurationList = EB4D9F5228BD5B5B00C7DDCC /* Build configuration list for PBXNativeTarget "FrenchHornApp" */;
			buildPhases = (
				EB4D9F4028BD5B5900C7DDCC /* Sources */,
				EB4D9F4128BD5B5900C7DDCC /* Frameworks */,
				EB4D9F4228BD5B5900C7DDCC /* Resources */,
			);
			buildRules = (
			);
			dependencies = (
			);
			name = FrenchHornApp;
			packageProductDependencies = (
				EB4D9F7028C14A7700C7DDCC /* AudioKit */,
				EB4D9F7328C14A9500C7DDCC /* AudioKitEX */,
				EB4D9F7628C14AB200C7DDCC /* AudioKitUI */,
				EB4D9F7928C14AE500C7DDCC /* KissFFT */,
				EB4D9F7C28C14B4300C7DDCC /* SoundpipeAudioKit */,
			);
			productName = FrenchHornApp;
			productReference = EB4D9F4428BD5B5900C7DDCC /* FrenchHornApp.app */;
			productType = "com.apple.product-type.application";
		};
/* End PBXNativeTarget section */

/* Begin PBXProject section */
		EB4D9F3C28BD5B5900C7DDCC /* Project object */ = {
			isa = PBXProject;
			attributes = {
				BuildIndependentTargetsInParallel = 1;
				LastSwiftUpdateCheck = 1340;
				LastUpgradeCheck = 1340;
				TargetAttributes = {
					EB4D9F4328BD5B5900C7DDCC = {
						CreatedOnToolsVersion = 13.4.1;
					};
				};
			};
			buildConfigurationList = EB4D9F3F28BD5B5900C7DDCC /* Build configuration list for PBXProject "FrenchHornApp" */;
			compatibilityVersion = "Xcode 13.0";
			developmentRegion = en;
			hasScannedForEncodings = 0;
			knownRegions = (
				en,
				Base,
			);
			mainGroup = EB4D9F3B28BD5B5900C7DDCC;
			packageReferences = (
				EB4D9F6F28C14A7700C7DDCC /* XCRemoteSwiftPackageReference "AudioKit" */,
				EB4D9F7228C14A9500C7DDCC /* XCRemoteSwiftPackageReference "AudioKitEX" */,
				EB4D9F7528C14AB200C7DDCC /* XCRemoteSwiftPackageReference "AudioKitUI" */,
				EB4D9F7828C14AE500C7DDCC /* XCRemoteSwiftPackageReference "KissFFT" */,
				EB4D9F7B28C14B4300C7DDCC /* XCRemoteSwiftPackageReference "SoundpipeAudioKit" */,
			);
			productRefGroup = EB4D9F4528BD5B5900C7DDCC /* Products */;
			projectDirPath = "";
			projectRoot = "";
			targets = (
				EB4D9F4328BD5B5900C7DDCC /* FrenchHornApp */,
			);
		};
/* End PBXProject section */

/* Begin PBXResourcesBuildPhase section */
		EB4D9F4228BD5B5900C7DDCC /* Resources */ = {
			isa = PBXResourcesBuildPhase;
			buildActionMask = 2147483647;
			files = (
				EB4D9F4F28BD5B5B00C7DDCC /* Preview Assets.xcassets in Resources */,
				EB1474882A3588C30048CD21 /* Sounds in Resources */,
				EB4D9F4C28BD5B5B00C7DDCC /* Assets.xcassets in Resources */,
			);
			runOnlyForDeploymentPostprocessing = 0;
		};
/* End PBXResourcesBuildPhase section */

/* Begin PBXSourcesBuildPhase section */
		EB4D9F4028BD5B5900C7DDCC /* Sources */ = {
			isa = PBXSourcesBuildPhase;
			buildActionMask = 2147483647;
			files = (
				EB59ED8C28D137B200FC21EA /* Extensions.swift in Sources */,
				EB1474822A356EC40048CD21 /* Key+Shortcuts.swift in Sources */,
				EB4D9F4A28BD5B5900C7DDCC /* ContentView.swift in Sources */,
				EB382A1628CE669100AEF9F7 /* FingeringChartView.swift in Sources */,
				EB1474742A356EC40048CD21 /* Accidental.swift in Sources */,
				EB1474852A356EC40048CD21 /* Interval.swift in Sources */,
				EB4D9F6B28BEF0B700C7DDCC /* FingeringsCollection.swift in Sources */,
				EB59ED8028D136F600FC21EA /* AssembledNoteView.swift in Sources */,
				EB1474802A356EC40048CD21 /* Chord.swift in Sources */,
				EB14747C2A356EC40048CD21 /* NoteSet.swift in Sources */,
				EB59ED8A28D1379700FC21EA /* AssembledStaffView.swift in Sources */,
				EB4D9F5B28BECB6C00C7DDCC /* NoteFingeringMapping.swift in Sources */,
				EB59ED8228D1370E00FC21EA /* LedgerLineView.swift in Sources */,
				EB4D9F5D28BED38C00C7DDCC /* StaffConstants.swift in Sources */,
				EB59ED7E28D1326100FC21EA /* IndividualFingeringView.swift in Sources */,
				EB4D9F6528BEE76400C7DDCC /* TrebleClefVisualizationMappings.swift in Sources */,
				EB1474772A356EC40048CD21 /* NoteClass+Shortcuts.swift in Sources */,
				EB14747D2A356EC40048CD21 /* BitSet.swift in Sources */,
				EB59ED8428D1373000FC21EA /* WholeNoteView.swift in Sources */,
				EB1474832A356EC40048CD21 /* NoteClass.swift in Sources */,
				EB59ED8828D1378000FC21EA /* NoteNameView.swift in Sources */,
				EB14748A2A3590A10048CD21 /* NoteSampler.swift in Sources */,
				EB1474752A356EC40048CD21 /* PitchColor.swift in Sources */,
				EB4D9F5728BEC67500C7DDCC /* Fingerings.swift in Sources */,
				EB1474812A356EC40048CD21 /* ChordTable.swift in Sources */,
				EB14747F2A356EC40048CD21 /* Chord+Shortcuts.swift in Sources */,
				EB1402AB28C774880028D884 /* ClefView.swift in Sources */,
				EB14747A2A356EC40048CD21 /* Note.swift in Sources */,
				EB4D9F6E28BEF17200C7DDCC /* NoteVisualization.swift in Sources */,
				EB4D9F4828BD5B5900C7DDCC /* FrenchHornAppApp.swift in Sources */,
				EB14747E2A356EC40048CD21 /* Scale.swift in Sources */,
				EB4D9F6728BEE85600C7DDCC /* TranspositionConstants.swift in Sources */,
				EB14747B2A356EC40048CD21 /* Scale+Shortcuts.swift in Sources */,
				EB4D9F5F28BED47500C7DDCC /* NotesCollection.swift in Sources */,
				EB4D9F6328BEDEC100C7DDCC /* NoteVisualizationCollection.swift in Sources */,
				EB1474762A356EC40048CD21 /* ChordType.swift in Sources */,
				EB59ED8628D1376500FC21EA /* StaffLinesView.swift in Sources */,
				EB4D9F5928BECB5A00C7DDCC /* Clef.swift in Sources */,
				EB1474862A356EC40048CD21 /* Key.swift in Sources */,
				EB1474792A356EC40048CD21 /* Letter.swift in Sources */,
				EB4D9F6128BED4AD00C7DDCC /* NoteNameMappings.swift in Sources */,
				EB1474842A356EC40048CD21 /* Pitch.swift in Sources */,
				EB1474782A356EC40048CD21 /* Note+Shortcuts.swift in Sources */,
			);
			runOnlyForDeploymentPostprocessing = 0;
		};
/* End PBXSourcesBuildPhase section */

/* Begin XCBuildConfiguration section */
		EB4D9F5028BD5B5B00C7DDCC /* Debug */ = {
			isa = XCBuildConfiguration;
			buildSettings = {
				ALWAYS_SEARCH_USER_PATHS = NO;
				CLANG_ANALYZER_NONNULL = YES;
				CLANG_ANALYZER_NUMBER_OBJECT_CONVERSION = YES_AGGRESSIVE;
				CLANG_CXX_LANGUAGE_STANDARD = "gnu++17";
				CLANG_ENABLE_MODULES = YES;
				CLANG_ENABLE_OBJC_ARC = YES;
				CLANG_ENABLE_OBJC_WEAK = YES;
				CLANG_WARN_BLOCK_CAPTURE_AUTORELEASING = YES;
				CLANG_WARN_BOOL_CONVERSION = YES;
				CLANG_WARN_COMMA = YES;
				CLANG_WARN_CONSTANT_CONVERSION = YES;
				CLANG_WARN_DEPRECATED_OBJC_IMPLEMENTATIONS = YES;
				CLANG_WARN_DIRECT_OBJC_ISA_USAGE = YES_ERROR;
				CLANG_WARN_DOCUMENTATION_COMMENTS = YES;
				CLANG_WARN_EMPTY_BODY = YES;
				CLANG_WARN_ENUM_CONVERSION = YES;
				CLANG_WARN_INFINITE_RECURSION = YES;
				CLANG_WARN_INT_CONVERSION = YES;
				CLANG_WARN_NON_LITERAL_NULL_CONVERSION = YES;
				CLANG_WARN_OBJC_IMPLICIT_RETAIN_SELF = YES;
				CLANG_WARN_OBJC_LITERAL_CONVERSION = YES;
				CLANG_WARN_OBJC_ROOT_CLASS = YES_ERROR;
				CLANG_WARN_QUOTED_INCLUDE_IN_FRAMEWORK_HEADER = YES;
				CLANG_WARN_RANGE_LOOP_ANALYSIS = YES;
				CLANG_WARN_STRICT_PROTOTYPES = YES;
				CLANG_WARN_SUSPICIOUS_MOVE = YES;
				CLANG_WARN_UNGUARDED_AVAILABILITY = YES_AGGRESSIVE;
				CLANG_WARN_UNREACHABLE_CODE = YES;
				CLANG_WARN__DUPLICATE_METHOD_MATCH = YES;
				COPY_PHASE_STRIP = NO;
				DEBUG_INFORMATION_FORMAT = dwarf;
				ENABLE_STRICT_OBJC_MSGSEND = YES;
				ENABLE_TESTABILITY = YES;
				GCC_C_LANGUAGE_STANDARD = gnu11;
				GCC_DYNAMIC_NO_PIC = NO;
				GCC_NO_COMMON_BLOCKS = YES;
				GCC_OPTIMIZATION_LEVEL = 0;
				GCC_PREPROCESSOR_DEFINITIONS = (
					"DEBUG=1",
					"$(inherited)",
				);
				GCC_WARN_64_TO_32_BIT_CONVERSION = YES;
				GCC_WARN_ABOUT_RETURN_TYPE = YES_ERROR;
				GCC_WARN_UNDECLARED_SELECTOR = YES;
				GCC_WARN_UNINITIALIZED_AUTOS = YES_AGGRESSIVE;
				GCC_WARN_UNUSED_FUNCTION = YES;
				GCC_WARN_UNUSED_VARIABLE = YES;
				IPHONEOS_DEPLOYMENT_TARGET = 15.5;
				MTL_ENABLE_DEBUG_INFO = INCLUDE_SOURCE;
				MTL_FAST_MATH = YES;
				ONLY_ACTIVE_ARCH = YES;
				SDKROOT = iphoneos;
				SWIFT_ACTIVE_COMPILATION_CONDITIONS = DEBUG;
				SWIFT_OPTIMIZATION_LEVEL = "-Onone";
			};
			name = Debug;
		};
		EB4D9F5128BD5B5B00C7DDCC /* Release */ = {
			isa = XCBuildConfiguration;
			buildSettings = {
				ALWAYS_SEARCH_USER_PATHS = NO;
				CLANG_ANALYZER_NONNULL = YES;
				CLANG_ANALYZER_NUMBER_OBJECT_CONVERSION = YES_AGGRESSIVE;
				CLANG_CXX_LANGUAGE_STANDARD = "gnu++17";
				CLANG_ENABLE_MODULES = YES;
				CLANG_ENABLE_OBJC_ARC = YES;
				CLANG_ENABLE_OBJC_WEAK = YES;
				CLANG_WARN_BLOCK_CAPTURE_AUTORELEASING = YES;
				CLANG_WARN_BOOL_CONVERSION = YES;
				CLANG_WARN_COMMA = YES;
				CLANG_WARN_CONSTANT_CONVERSION = YES;
				CLANG_WARN_DEPRECATED_OBJC_IMPLEMENTATIONS = YES;
				CLANG_WARN_DIRECT_OBJC_ISA_USAGE = YES_ERROR;
				CLANG_WARN_DOCUMENTATION_COMMENTS = YES;
				CLANG_WARN_EMPTY_BODY = YES;
				CLANG_WARN_ENUM_CONVERSION = YES;
				CLANG_WARN_INFINITE_RECURSION = YES;
				CLANG_WARN_INT_CONVERSION = YES;
				CLANG_WARN_NON_LITERAL_NULL_CONVERSION = YES;
				CLANG_WARN_OBJC_IMPLICIT_RETAIN_SELF = YES;
				CLANG_WARN_OBJC_LITERAL_CONVERSION = YES;
				CLANG_WARN_OBJC_ROOT_CLASS = YES_ERROR;
				CLANG_WARN_QUOTED_INCLUDE_IN_FRAMEWORK_HEADER = YES;
				CLANG_WARN_RANGE_LOOP_ANALYSIS = YES;
				CLANG_WARN_STRICT_PROTOTYPES = YES;
				CLANG_WARN_SUSPICIOUS_MOVE = YES;
				CLANG_WARN_UNGUARDED_AVAILABILITY = YES_AGGRESSIVE;
				CLANG_WARN_UNREACHABLE_CODE = YES;
				CLANG_WARN__DUPLICATE_METHOD_MATCH = YES;
				COPY_PHASE_STRIP = NO;
				DEBUG_INFORMATION_FORMAT = "dwarf-with-dsym";
				ENABLE_NS_ASSERTIONS = NO;
				ENABLE_STRICT_OBJC_MSGSEND = YES;
				GCC_C_LANGUAGE_STANDARD = gnu11;
				GCC_NO_COMMON_BLOCKS = YES;
				GCC_WARN_64_TO_32_BIT_CONVERSION = YES;
				GCC_WARN_ABOUT_RETURN_TYPE = YES_ERROR;
				GCC_WARN_UNDECLARED_SELECTOR = YES;
				GCC_WARN_UNINITIALIZED_AUTOS = YES_AGGRESSIVE;
				GCC_WARN_UNUSED_FUNCTION = YES;
				GCC_WARN_UNUSED_VARIABLE = YES;
				IPHONEOS_DEPLOYMENT_TARGET = 15.5;
				MTL_ENABLE_DEBUG_INFO = NO;
				MTL_FAST_MATH = YES;
				SDKROOT = iphoneos;
				SWIFT_COMPILATION_MODE = wholemodule;
				SWIFT_OPTIMIZATION_LEVEL = "-O";
				VALIDATE_PRODUCT = YES;
			};
			name = Release;
		};
		EB4D9F5328BD5B5B00C7DDCC /* Debug */ = {
			isa = XCBuildConfiguration;
			buildSettings = {
				ASSETCATALOG_COMPILER_APPICON_NAME = AppIcon;
				ASSETCATALOG_COMPILER_GLOBAL_ACCENT_COLOR_NAME = AccentColor;
				CODE_SIGN_STYLE = Automatic;
				CURRENT_PROJECT_VERSION = 1;
				DEVELOPMENT_ASSET_PATHS = "\"FrenchHornApp/Preview Content\"";
				DEVELOPMENT_TEAM = L63W9QSW59;
				ENABLE_PREVIEWS = YES;
				GENERATE_INFOPLIST_FILE = YES;
				INFOPLIST_KEY_UIApplicationSceneManifest_Generation = YES;
				INFOPLIST_KEY_UIApplicationSupportsIndirectInputEvents = YES;
				INFOPLIST_KEY_UILaunchScreen_Generation = YES;
				INFOPLIST_KEY_UISupportedInterfaceOrientations_iPad = "UIInterfaceOrientationPortrait UIInterfaceOrientationPortraitUpsideDown UIInterfaceOrientationLandscapeLeft UIInterfaceOrientationLandscapeRight";
				INFOPLIST_KEY_UISupportedInterfaceOrientations_iPhone = "UIInterfaceOrientationPortrait UIInterfaceOrientationLandscapeLeft UIInterfaceOrientationLandscapeRight";
				LD_RUNPATH_SEARCH_PATHS = (
					"$(inherited)",
					"@executable_path/Frameworks",
				);
				MARKETING_VERSION = 1.0;
				PRODUCT_BUNDLE_IDENTIFIER = dev.lorenzobrown.FrenchHornApp;
				PRODUCT_NAME = "$(TARGET_NAME)";
				SWIFT_EMIT_LOC_STRINGS = YES;
				SWIFT_VERSION = 5.0;
				TARGETED_DEVICE_FAMILY = "1,2";
			};
			name = Debug;
		};
		EB4D9F5428BD5B5B00C7DDCC /* Release */ = {
			isa = XCBuildConfiguration;
			buildSettings = {
				ASSETCATALOG_COMPILER_APPICON_NAME = AppIcon;
				ASSETCATALOG_COMPILER_GLOBAL_ACCENT_COLOR_NAME = AccentColor;
				CODE_SIGN_STYLE = Automatic;
				CURRENT_PROJECT_VERSION = 1;
				DEVELOPMENT_ASSET_PATHS = "\"FrenchHornApp/Preview Content\"";
				DEVELOPMENT_TEAM = L63W9QSW59;
				ENABLE_PREVIEWS = YES;
				GENERATE_INFOPLIST_FILE = YES;
				INFOPLIST_KEY_UIApplicationSceneManifest_Generation = YES;
				INFOPLIST_KEY_UIApplicationSupportsIndirectInputEvents = YES;
				INFOPLIST_KEY_UILaunchScreen_Generation = YES;
				INFOPLIST_KEY_UISupportedInterfaceOrientations_iPad = "UIInterfaceOrientationPortrait UIInterfaceOrientationPortraitUpsideDown UIInterfaceOrientationLandscapeLeft UIInterfaceOrientationLandscapeRight";
				INFOPLIST_KEY_UISupportedInterfaceOrientations_iPhone = "UIInterfaceOrientationPortrait UIInterfaceOrientationLandscapeLeft UIInterfaceOrientationLandscapeRight";
				LD_RUNPATH_SEARCH_PATHS = (
					"$(inherited)",
					"@executable_path/Frameworks",
				);
				MARKETING_VERSION = 1.0;
				PRODUCT_BUNDLE_IDENTIFIER = dev.lorenzobrown.FrenchHornApp;
				PRODUCT_NAME = "$(TARGET_NAME)";
				SWIFT_EMIT_LOC_STRINGS = YES;
				SWIFT_VERSION = 5.0;
				TARGETED_DEVICE_FAMILY = "1,2";
			};
			name = Release;
		};
/* End XCBuildConfiguration section */

/* Begin XCConfigurationList section */
		EB4D9F3F28BD5B5900C7DDCC /* Build configuration list for PBXProject "FrenchHornApp" */ = {
			isa = XCConfigurationList;
			buildConfigurations = (
				EB4D9F5028BD5B5B00C7DDCC /* Debug */,
				EB4D9F5128BD5B5B00C7DDCC /* Release */,
			);
			defaultConfigurationIsVisible = 0;
			defaultConfigurationName = Release;
		};
		EB4D9F5228BD5B5B00C7DDCC /* Build configuration list for PBXNativeTarget "FrenchHornApp" */ = {
			isa = XCConfigurationList;
			buildConfigurations = (
				EB4D9F5328BD5B5B00C7DDCC /* Debug */,
				EB4D9F5428BD5B5B00C7DDCC /* Release */,
			);
			defaultConfigurationIsVisible = 0;
			defaultConfigurationName = Release;
		};
/* End XCConfigurationList section */

/* Begin XCRemoteSwiftPackageReference section */
		EB4D9F6F28C14A7700C7DDCC /* XCRemoteSwiftPackageReference "AudioKit" */ = {
			isa = XCRemoteSwiftPackageReference;
			repositoryURL = "https://github.com/AudioKit/AudioKit.git";
			requirement = {
				kind = upToNextMajorVersion;
				minimumVersion = 5.0.0;
			};
		};
		EB4D9F7228C14A9500C7DDCC /* XCRemoteSwiftPackageReference "AudioKitEX" */ = {
			isa = XCRemoteSwiftPackageReference;
			repositoryURL = "https://github.com/AudioKit/AudioKitEX.git";
			requirement = {
				kind = upToNextMajorVersion;
				minimumVersion = 5.0.0;
			};
		};
		EB4D9F7528C14AB200C7DDCC /* XCRemoteSwiftPackageReference "AudioKitUI" */ = {
			isa = XCRemoteSwiftPackageReference;
			repositoryURL = "https://github.com/AudioKit/AudioKitUI.git";
			requirement = {
				kind = upToNextMajorVersion;
				minimumVersion = 0.2.0;
			};
		};
		EB4D9F7828C14AE500C7DDCC /* XCRemoteSwiftPackageReference "KissFFT" */ = {
			isa = XCRemoteSwiftPackageReference;
			repositoryURL = "https://github.com/AudioKit/KissFFT.git";
			requirement = {
				kind = upToNextMajorVersion;
				minimumVersion = 1.0.0;
			};
		};
		EB4D9F7B28C14B4300C7DDCC /* XCRemoteSwiftPackageReference "SoundpipeAudioKit" */ = {
			isa = XCRemoteSwiftPackageReference;
			repositoryURL = "https://github.com/AudioKit/SoundpipeAudioKit.git";
			requirement = {
				kind = upToNextMajorVersion;
				minimumVersion = 5.0.0;
			};
		};
/* End XCRemoteSwiftPackageReference section */

/* Begin XCSwiftPackageProductDependency section */
		EB4D9F7028C14A7700C7DDCC /* AudioKit */ = {
			isa = XCSwiftPackageProductDependency;
			package = EB4D9F6F28C14A7700C7DDCC /* XCRemoteSwiftPackageReference "AudioKit" */;
			productName = AudioKit;
		};
		EB4D9F7328C14A9500C7DDCC /* AudioKitEX */ = {
			isa = XCSwiftPackageProductDependency;
			package = EB4D9F7228C14A9500C7DDCC /* XCRemoteSwiftPackageReference "AudioKitEX" */;
			productName = AudioKitEX;
		};
		EB4D9F7628C14AB200C7DDCC /* AudioKitUI */ = {
			isa = XCSwiftPackageProductDependency;
			package = EB4D9F7528C14AB200C7DDCC /* XCRemoteSwiftPackageReference "AudioKitUI" */;
			productName = AudioKitUI;
		};
		EB4D9F7928C14AE500C7DDCC /* KissFFT */ = {
			isa = XCSwiftPackageProductDependency;
			package = EB4D9F7828C14AE500C7DDCC /* XCRemoteSwiftPackageReference "KissFFT" */;
			productName = KissFFT;
		};
		EB4D9F7C28C14B4300C7DDCC /* SoundpipeAudioKit */ = {
			isa = XCSwiftPackageProductDependency;
			package = EB4D9F7B28C14B4300C7DDCC /* XCRemoteSwiftPackageReference "SoundpipeAudioKit" */;
			productName = SoundpipeAudioKit;
		};
/* End XCSwiftPackageProductDependency section */
	};
	rootObject = EB4D9F3C28BD5B5900C7DDCC /* Project object */;
}
